
Microsoft Visual Studio Solution File, Format Version 12.00
# Visual Studio Version 16
VisualStudioVersion = 16.0.29926.136
MinimumVisualStudioVersion = 10.0.40219.1
Project("{FAE04EC0-301F-11D3-BF4B-00C04F79EFBC}") = "Employees2", "Employees2\Employees2.csproj", "{4846F5F3-91A1-454A-BE25-2927D16614CC}"
EndProject
Global
	GlobalSection(SolutionConfigurationPlatforms) = preSolution
		Debug|Any CPU = Debug|Any CPU
		Release|Any CPU = Release|Any CPU
	EndGlobalSection
	GlobalSection(ProjectConfigurationPlatforms) = postSolution
		{4846F5F3-91A1-454A-BE25-2927D16614CC}.Debug|Any CPU.ActiveCfg = Debug|Any CPU
		{4846F5F3-91A1-454A-BE25-2927D16614CC}.Debug|Any CPU.Build.0 = Debug|Any CPU
		{4846F5F3-91A1-454A-BE25-2927D16614CC}.Release|Any CPU.ActiveCfg = Release|Any CPU
		{4846F5F3-91A1-454A-BE25-2927D16614CC}.Release|Any CPU.Build.0 = Release|Any CPU
	EndGlobalSection
	GlobalSection(SolutionProperties) = preSolution
		HideSolutionNode = FALSE
	EndGlobalSection
	GlobalSection(ExtensibilityGlobals) = postSolution
		SolutionGuid = {1ABDF8CE-B37C-462D-A921-9D3DA0E66B35}
	EndGlobalSection
EndGlobal
